// !$*UTF8*$!
{
	archiveVersion = 1;
	classes = {
	};
	objectVersion = 55;
	objects = {

/* Begin PBXBuildFile section */
		27A38DC4901394B667A0732E /* Pods_CountryBook.framework in Frameworks */ = {isa = PBXBuildFile; fileRef = BA1FAED5F880F9E75036318F /* Pods_CountryBook.framework */; };
		545E5C0C28C4CC2F00478444 /* CoreDataManager.swift in Sources */ = {isa = PBXBuildFile; fileRef = 545E5C0B28C4CC2F00478444 /* CoreDataManager.swift */; };
		54E9B67228C0983700C72E6B /* AppDelegate.swift in Sources */ = {isa = PBXBuildFile; fileRef = 54E9B67128C0983700C72E6B /* AppDelegate.swift */; };
		54E9B67428C0983700C72E6B /* SceneDelegate.swift in Sources */ = {isa = PBXBuildFile; fileRef = 54E9B67328C0983700C72E6B /* SceneDelegate.swift */; };
		54E9B67928C0983700C72E6B /* Main.storyboard in Resources */ = {isa = PBXBuildFile; fileRef = 54E9B67728C0983700C72E6B /* Main.storyboard */; };
		54E9B67C28C0983700C72E6B /* CountryBook.xcdatamodeld in Sources */ = {isa = PBXBuildFile; fileRef = 54E9B67A28C0983700C72E6B /* CountryBook.xcdatamodeld */; };
		54E9B67E28C0983A00C72E6B /* Assets.xcassets in Resources */ = {isa = PBXBuildFile; fileRef = 54E9B67D28C0983A00C72E6B /* Assets.xcassets */; };
		54E9B68128C0983A00C72E6B /* LaunchScreen.storyboard in Resources */ = {isa = PBXBuildFile; fileRef = 54E9B67F28C0983A00C72E6B /* LaunchScreen.storyboard */; };
		54E9B68928C09E5800C72E6B /* HomeViewController.swift in Sources */ = {isa = PBXBuildFile; fileRef = 54E9B68828C09E5800C72E6B /* HomeViewController.swift */; };
		54E9B69128C0D9AE00C72E6B /* DetailsCardVC.swift in Sources */ = {isa = PBXBuildFile; fileRef = 54E9B69028C0D9AE00C72E6B /* DetailsCardVC.swift */; };
		54E9B69328C10F4900C72E6B /* SavedViewController.swift in Sources */ = {isa = PBXBuildFile; fileRef = 54E9B69228C10F4900C72E6B /* SavedViewController.swift */; };
/* End PBXBuildFile section */

/* Begin PBXFileReference section */
		545E5C0B28C4CC2F00478444 /* CoreDataManager.swift */ = {isa = PBXFileReference; lastKnownFileType = sourcecode.swift; path = CoreDataManager.swift; sourceTree = "<group>"; };
		54E9B66E28C0983700C72E6B /* CountryBook.app */ = {isa = PBXFileReference; explicitFileType = wrapper.application; includeInIndex = 0; path = CountryBook.app; sourceTree = BUILT_PRODUCTS_DIR; };
		54E9B67128C0983700C72E6B /* AppDelegate.swift */ = {isa = PBXFileReference; lastKnownFileType = sourcecode.swift; path = AppDelegate.swift; sourceTree = "<group>"; };
		54E9B67328C0983700C72E6B /* SceneDelegate.swift */ = {isa = PBXFileReference; lastKnownFileType = sourcecode.swift; path = SceneDelegate.swift; sourceTree = "<group>"; };
		54E9B67828C0983700C72E6B /* Base */ = {isa = PBXFileReference; lastKnownFileType = file.storyboard; name = Base; path = Base.lproj/Main.storyboard; sourceTree = "<group>"; };
		54E9B67B28C0983700C72E6B /* CountryBook.xcdatamodel */ = {isa = PBXFileReference; lastKnownFileType = wrapper.xcdatamodel; path = CountryBook.xcdatamodel; sourceTree = "<group>"; };
		54E9B67D28C0983A00C72E6B /* Assets.xcassets */ = {isa = PBXFileReference; lastKnownFileType = folder.assetcatalog; path = Assets.xcassets; sourceTree = "<group>"; };
		54E9B68028C0983A00C72E6B /* Base */ = {isa = PBXFileReference; lastKnownFileType = file.storyboard; name = Base; path = Base.lproj/LaunchScreen.storyboard; sourceTree = "<group>"; };
		54E9B68228C0983A00C72E6B /* Info.plist */ = {isa = PBXFileReference; lastKnownFileType = text.plist.xml; path = Info.plist; sourceTree = "<group>"; };
		54E9B68828C09E5800C72E6B /* HomeViewController.swift */ = {isa = PBXFileReference; lastKnownFileType = sourcecode.swift; path = HomeViewController.swift; sourceTree = "<group>"; };
		54E9B69028C0D9AE00C72E6B /* DetailsCardVC.swift */ = {isa = PBXFileReference; lastKnownFileType = sourcecode.swift; path = DetailsCardVC.swift; sourceTree = "<group>"; };
		54E9B69228C10F4900C72E6B /* SavedViewController.swift */ = {isa = PBXFileReference; lastKnownFileType = sourcecode.swift; path = SavedViewController.swift; sourceTree = "<group>"; };
		B363422B01694F4A4CE405F0 /* Pods-CountryBook.debug.xcconfig */ = {isa = PBXFileReference; includeInIndex = 1; lastKnownFileType = text.xcconfig; name = "Pods-CountryBook.debug.xcconfig"; path = "Target Support Files/Pods-CountryBook/Pods-CountryBook.debug.xcconfig"; sourceTree = "<group>"; };
		BA1FAED5F880F9E75036318F /* Pods_CountryBook.framework */ = {isa = PBXFileReference; explicitFileType = wrapper.framework; includeInIndex = 0; path = Pods_CountryBook.framework; sourceTree = BUILT_PRODUCTS_DIR; };
		DE6935935DC27ADA6A6F143D /* Pods-CountryBook.release.xcconfig */ = {isa = PBXFileReference; includeInIndex = 1; lastKnownFileType = text.xcconfig; name = "Pods-CountryBook.release.xcconfig"; path = "Target Support Files/Pods-CountryBook/Pods-CountryBook.release.xcconfig"; sourceTree = "<group>"; };
/* End PBXFileReference section */

/* Begin PBXFrameworksBuildPhase section */
		54E9B66B28C0983700C72E6B /* Frameworks */ = {
			isa = PBXFrameworksBuildPhase;
			buildActionMask = 2147483647;
			files = (
				27A38DC4901394B667A0732E /* Pods_CountryBook.framework in Frameworks */,
			);
			runOnlyForDeploymentPostprocessing = 0;
		};
/* End PBXFrameworksBuildPhase section */

/* Begin PBXGroup section */
		04CD08D30CEA43115E0110D7 /* Frameworks */ = {
			isa = PBXGroup;
			children = (
				BA1FAED5F880F9E75036318F /* Pods_CountryBook.framework */,
			);
			name = Frameworks;
			sourceTree = "<group>";
		};
		0644E64C6A581DAB5C5328FD /* Pods */ = {
			isa = PBXGroup;
			children = (
				B363422B01694F4A4CE405F0 /* Pods-CountryBook.debug.xcconfig */,
				DE6935935DC27ADA6A6F143D /* Pods-CountryBook.release.xcconfig */,
			);
			path = Pods;
			sourceTree = "<group>";
		};
		54E9B66528C0983700C72E6B = {
			isa = PBXGroup;
			children = (
				54E9B67028C0983700C72E6B /* CountryBook */,
				54E9B66F28C0983700C72E6B /* Products */,
				0644E64C6A581DAB5C5328FD /* Pods */,
				04CD08D30CEA43115E0110D7 /* Frameworks */,
			);
			sourceTree = "<group>";
		};
		54E9B66F28C0983700C72E6B /* Products */ = {
			isa = PBXGroup;
			children = (
				54E9B66E28C0983700C72E6B /* CountryBook.app */,
			);
			name = Products;
			sourceTree = "<group>";
		};
		54E9B67028C0983700C72E6B /* CountryBook */ = {
			isa = PBXGroup;
			children = (
				54E9B67128C0983700C72E6B /* AppDelegate.swift */,
				54E9B67328C0983700C72E6B /* SceneDelegate.swift */,
				54E9B67728C0983700C72E6B /* Main.storyboard */,
				54E9B68828C09E5800C72E6B /* HomeViewController.swift */,
				54E9B67D28C0983A00C72E6B /* Assets.xcassets */,
				54E9B67F28C0983A00C72E6B /* LaunchScreen.storyboard */,
				54E9B68228C0983A00C72E6B /* Info.plist */,
				54E9B67A28C0983700C72E6B /* CountryBook.xcdatamodeld */,
				54E9B69028C0D9AE00C72E6B /* DetailsCardVC.swift */,
				54E9B69228C10F4900C72E6B /* SavedViewController.swift */,
				545E5C0B28C4CC2F00478444 /* CoreDataManager.swift */,
			);
			path = CountryBook;
			sourceTree = "<group>";
		};
/* End PBXGroup section */

/* Begin PBXNativeTarget section */
		54E9B66D28C0983700C72E6B /* CountryBook */ = {
			isa = PBXNativeTarget;
			buildConfigurationList = 54E9B68528C0983A00C72E6B /* Build configuration list for PBXNativeTarget "CountryBook" */;
			buildPhases = (
				55A9ADF28A6A83AB559E6C58 /* [CP] Check Pods Manifest.lock */,
				54E9B66A28C0983700C72E6B /* Sources */,
				54E9B66B28C0983700C72E6B /* Frameworks */,
				54E9B66C28C0983700C72E6B /* Resources */,
				5383183FFB2750322D94707E /* [CP] Embed Pods Frameworks */,
			);
			buildRules = (
			);
			dependencies = (
			);
			name = CountryBook;
			productName = CountryBook;
			productReference = 54E9B66E28C0983700C72E6B /* CountryBook.app */;
			productType = "com.apple.product-type.application";
		};
/* End PBXNativeTarget section */

/* Begin PBXProject section */
		54E9B66628C0983700C72E6B /* Project object */ = {
			isa = PBXProject;
			attributes = {
				BuildIndependentTargetsInParallel = 1;
				LastSwiftUpdateCheck = 1340;
				LastUpgradeCheck = 1340;
				TargetAttributes = {
					54E9B66D28C0983700C72E6B = {
						CreatedOnToolsVersion = 13.4.1;
					};
				};
			};
			buildConfigurationList = 54E9B66928C0983700C72E6B /* Build configuration list for PBXProject "CountryBook" */;
			compatibilityVersion = "Xcode 13.0";
			developmentRegion = en;
			hasScannedForEncodings = 0;
			knownRegions = (
				en,
				Base,
			);
			mainGroup = 54E9B66528C0983700C72E6B;
			productRefGroup = 54E9B66F28C0983700C72E6B /* Products */;
			projectDirPath = "";
			projectRoot = "";
			targets = (
				54E9B66D28C0983700C72E6B /* CountryBook */,
			);
		};
/* End PBXProject section */

/* Begin PBXResourcesBuildPhase section */
		54E9B66C28C0983700C72E6B /* Resources */ = {
			isa = PBXResourcesBuildPhase;
			buildActionMask = 2147483647;
			files = (
				54E9B68128C0983A00C72E6B /* LaunchScreen.storyboard in Resources */,
				54E9B67E28C0983A00C72E6B /* Assets.xcassets in Resources */,
				54E9B67928C0983700C72E6B /* Main.storyboard in Resources */,
			);
			runOnlyForDeploymentPostprocessing = 0;
		};
/* End PBXResourcesBuildPhase section */

/* Begin PBXShellScriptBuildPhase section */
		5383183FFB2750322D94707E /* [CP] Embed Pods Frameworks */ = {
			isa = PBXShellScriptBuildPhase;
			buildActionMask = 2147483647;
			files = (
			);
			inputFileListPaths = (
				"${PODS_ROOT}/Target Support Files/Pods-CountryBook/Pods-CountryBook-frameworks-${CONFIGURATION}-input-files.xcfilelist",
			);
			name = "[CP] Embed Pods Frameworks";
			outputFileListPaths = (
				"${PODS_ROOT}/Target Support Files/Pods-CountryBook/Pods-CountryBook-frameworks-${CONFIGURATION}-output-files.xcfilelist",
			);
			runOnlyForDeploymentPostprocessing = 0;
			shellPath = /bin/sh;
			shellScript = "\"${PODS_ROOT}/Target Support Files/Pods-CountryBook/Pods-CountryBook-frameworks.sh\"\n";
			showEnvVarsInLog = 0;
		};
		55A9ADF28A6A83AB559E6C58 /* [CP] Check Pods Manifest.lock */ = {
			isa = PBXShellScriptBuildPhase;
			buildActionMask = 2147483647;
			files = (
			);
			inputFileListPaths = (
			);
			inputPaths = (
				"${PODS_PODFILE_DIR_PATH}/Podfile.lock",
				"${PODS_ROOT}/Manifest.lock",
			);
			name = "[CP] Check Pods Manifest.lock";
			outputFileListPaths = (
			);
			outputPaths = (
				"$(DERIVED_FILE_DIR)/Pods-CountryBook-checkManifestLockResult.txt",
			);
			runOnlyForDeploymentPostprocessing = 0;
			shellPath = /bin/sh;
			shellScript = "diff \"${PODS_PODFILE_DIR_PATH}/Podfile.lock\" \"${PODS_ROOT}/Manifest.lock\" > /dev/null\nif [ $? != 0 ] ; then\n    # print error to STDERR\n    echo \"error: The sandbox is not in sync with the Podfile.lock. Run 'pod install' or update your CocoaPods installation.\" >&2\n    exit 1\nfi\n# This output is used by Xcode 'outputs' to avoid re-running this script phase.\necho \"SUCCESS\" > \"${SCRIPT_OUTPUT_FILE_0}\"\n";
			showEnvVarsInLog = 0;
		};
/* End PBXShellScriptBuildPhase section */

/* Begin PBXSourcesBuildPhase section */
		54E9B66A28C0983700C72E6B /* Sources */ = {
			isa = PBXSourcesBuildPhase;
			buildActionMask = 2147483647;
			files = (
				54E9B69328C10F4900C72E6B /* SavedViewController.swift in Sources */,
				54E9B67228C0983700C72E6B /* AppDelegate.swift in Sources */,
				54E9B67428C0983700C72E6B /* SceneDelegate.swift in Sources */,
				54E9B69128C0D9AE00C72E6B /* DetailsCardVC.swift in Sources */,
				54E9B68928C09E5800C72E6B /* HomeViewController.swift in Sources */,
				545E5C0C28C4CC2F00478444 /* CoreDataManager.swift in Sources */,
				54E9B67C28C0983700C72E6B /* CountryBook.xcdatamodeld in Sources */,
			);
			runOnlyForDeploymentPostprocessing = 0;
		};
/* End PBXSourcesBuildPhase section */

/* Begin PBXVariantGroup section */
		54E9B67728C0983700C72E6B /* Main.storyboard */ = {
			isa = PBXVariantGroup;
			children = (
				54E9B67828C0983700C72E6B /* Base */,
			);
			name = Main.storyboard;
			sourceTree = "<group>";
		};
		54E9B67F28C0983A00C72E6B /* LaunchScreen.storyboard */ = {
			isa = PBXVariantGroup;
			children = (
				54E9B68028C0983A00C72E6B /* Base */,
			);
			name = LaunchScreen.storyboard;
			sourceTree = "<group>";
		};
/* End PBXVariantGroup section */

/* Begin XCBuildConfiguration section */
		54E9B68328C0983A00C72E6B /* Debug */ = {
			isa = XCBuildConfiguration;
			buildSettings = {
				ALWAYS_SEARCH_USER_PATHS = NO;
				CLANG_ANALYZER_NONNULL = YES;
				CLANG_ANALYZER_NUMBER_OBJECT_CONVERSION = YES_AGGRESSIVE;
				CLANG_CXX_LANGUAGE_STANDARD = "gnu++17";
				CLANG_ENABLE_MODULES = YES;
				CLANG_ENABLE_OBJC_ARC = YES;
				CLANG_ENABLE_OBJC_WEAK = YES;
				CLANG_WARN_BLOCK_CAPTURE_AUTORELEASING = YES;
				CLANG_WARN_BOOL_CONVERSION = YES;
				CLANG_WARN_COMMA = YES;
				CLANG_WARN_CONSTANT_CONVERSION = YES;
				CLANG_WARN_DEPRECATED_OBJC_IMPLEMENTATIONS = YES;
				CLANG_WARN_DIRECT_OBJC_ISA_USAGE = YES_ERROR;
				CLANG_WARN_DOCUMENTATION_COMMENTS = YES;
				CLANG_WARN_EMPTY_BODY = YES;
				CLANG_WARN_ENUM_CONVERSION = YES;
				CLANG_WARN_INFINITE_RECURSION = YES;
				CLANG_WARN_INT_CONVERSION = YES;
				CLANG_WARN_NON_LITERAL_NULL_CONVERSION = YES;
				CLANG_WARN_OBJC_IMPLICIT_RETAIN_SELF = YES;
				CLANG_WARN_OBJC_LITERAL_CONVERSION = YES;
				CLANG_WARN_OBJC_ROOT_CLASS = YES_ERROR;
				CLANG_WARN_QUOTED_INCLUDE_IN_FRAMEWORK_HEADER = YES;
				CLANG_WARN_RANGE_LOOP_ANALYSIS = YES;
				CLANG_WARN_STRICT_PROTOTYPES = YES;
				CLANG_WARN_SUSPICIOUS_MOVE = YES;
				CLANG_WARN_UNGUARDED_AVAILABILITY = YES_AGGRESSIVE;
				CLANG_WARN_UNREACHABLE_CODE = YES;
				CLANG_WARN__DUPLICATE_METHOD_MATCH = YES;
				COPY_PHASE_STRIP = NO;
				DEBUG_INFORMATION_FORMAT = dwarf;
				ENABLE_STRICT_OBJC_MSGSEND = YES;
				ENABLE_TESTABILITY = YES;
				GCC_C_LANGUAGE_STANDARD = gnu11;
				GCC_DYNAMIC_NO_PIC = NO;
				GCC_NO_COMMON_BLOCKS = YES;
				GCC_OPTIMIZATION_LEVEL = 0;
				GCC_PREPROCESSOR_DEFINITIONS = (
					"DEBUG=1",
					"$(inherited)",
				);
				GCC_WARN_64_TO_32_BIT_CONVERSION = YES;
				GCC_WARN_ABOUT_RETURN_TYPE = YES_ERROR;
				GCC_WARN_UNDECLARED_SELECTOR = YES;
				GCC_WARN_UNINITIALIZED_AUTOS = YES_AGGRESSIVE;
				GCC_WARN_UNUSED_FUNCTION = YES;
				GCC_WARN_UNUSED_VARIABLE = YES;
				IPHONEOS_DEPLOYMENT_TARGET = 15.0;
				MTL_ENABLE_DEBUG_INFO = INCLUDE_SOURCE;
				MTL_FAST_MATH = YES;
				ONLY_ACTIVE_ARCH = YES;
				SDKROOT = iphoneos;
				SWIFT_ACTIVE_COMPILATION_CONDITIONS = DEBUG;
				SWIFT_OPTIMIZATION_LEVEL = "-Onone";
			};
			name = Debug;
		};
		54E9B68428C0983A00C72E6B /* Release */ = {
			isa = XCBuildConfiguration;
			buildSettings = {
				ALWAYS_SEARCH_USER_PATHS = NO;
				CLANG_ANALYZER_NONNULL = YES;
				CLANG_ANALYZER_NUMBER_OBJECT_CONVERSION = YES_AGGRESSIVE;
				CLANG_CXX_LANGUAGE_STANDARD = "gnu++17";
				CLANG_ENABLE_MODULES = YES;
				CLANG_ENABLE_OBJC_ARC = YES;
				CLANG_ENABLE_OBJC_WEAK = YES;
				CLANG_WARN_BLOCK_CAPTURE_AUTORELEASING = YES;
				CLANG_WARN_BOOL_CONVERSION = YES;
				CLANG_WARN_COMMA = YES;
				CLANG_WARN_CONSTANT_CONVERSION = YES;
				CLANG_WARN_DEPRECATED_OBJC_IMPLEMENTATIONS = YES;
				CLANG_WARN_DIRECT_OBJC_ISA_USAGE = YES_ERROR;
				CLANG_WARN_DOCUMENTATION_COMMENTS = YES;
				CLANG_WARN_EMPTY_BODY = YES;
				CLANG_WARN_ENUM_CONVERSION = YES;
				CLANG_WARN_INFINITE_RECURSION = YES;
				CLANG_WARN_INT_CONVERSION = YES;
				CLANG_WARN_NON_LITERAL_NULL_CONVERSION = YES;
				CLANG_WARN_OBJC_IMPLICIT_RETAIN_SELF = YES;
				CLANG_WARN_OBJC_LITERAL_CONVERSION = YES;
				CLANG_WARN_OBJC_ROOT_CLASS = YES_ERROR;
				CLANG_WARN_QUOTED_INCLUDE_IN_FRAMEWORK_HEADER = YES;
				CLANG_WARN_RANGE_LOOP_ANALYSIS = YES;
				CLANG_WARN_STRICT_PROTOTYPES = YES;
				CLANG_WARN_SUSPICIOUS_MOVE = YES;
				CLANG_WARN_UNGUARDED_AVAILABILITY = YES_AGGRESSIVE;
				CLANG_WARN_UNREACHABLE_CODE = YES;
				CLANG_WARN__DUPLICATE_METHOD_MATCH = YES;
				COPY_PHASE_STRIP = NO;
				DEBUG_INFORMATION_FORMAT = "dwarf-with-dsym";
				ENABLE_NS_ASSERTIONS = NO;
				ENABLE_STRICT_OBJC_MSGSEND = YES;
				GCC_C_LANGUAGE_STANDARD = gnu11;
				GCC_NO_COMMON_BLOCKS = YES;
				GCC_WARN_64_TO_32_BIT_CONVERSION = YES;
				GCC_WARN_ABOUT_RETURN_TYPE = YES_ERROR;
				GCC_WARN_UNDECLARED_SELECTOR = YES;
				GCC_WARN_UNINITIALIZED_AUTOS = YES_AGGRESSIVE;
				GCC_WARN_UNUSED_FUNCTION = YES;
				GCC_WARN_UNUSED_VARIABLE = YES;
				IPHONEOS_DEPLOYMENT_TARGET = 15.0;
				MTL_ENABLE_DEBUG_INFO = NO;
				MTL_FAST_MATH = YES;
				SDKROOT = iphoneos;
				SWIFT_COMPILATION_MODE = wholemodule;
				SWIFT_OPTIMIZATION_LEVEL = "-O";
				VALIDATE_PRODUCT = YES;
			};
			name = Release;
		};
		54E9B68628C0983A00C72E6B /* Debug */ = {
			isa = XCBuildConfiguration;
			baseConfigurationReference = B363422B01694F4A4CE405F0 /* Pods-CountryBook.debug.xcconfig */;
			buildSettings = {
				ASSETCATALOG_COMPILER_APPICON_NAME = AppIcon;
				ASSETCATALOG_COMPILER_GLOBAL_ACCENT_COLOR_NAME = AccentColor;
				CODE_SIGN_STYLE = Automatic;
				CURRENT_PROJECT_VERSION = 1;
				DEVELOPMENT_TEAM = 43AL79RXM6;
				GENERATE_INFOPLIST_FILE = YES;
				INFOPLIST_FILE = CountryBook/Info.plist;
				INFOPLIST_KEY_UIApplicationSupportsIndirectInputEvents = YES;
				INFOPLIST_KEY_UILaunchStoryboardName = LaunchScreen;
				INFOPLIST_KEY_UIMainStoryboardFile = Main;
				INFOPLIST_KEY_UISupportedInterfaceOrientations_iPad = "UIInterfaceOrientationPortrait UIInterfaceOrientationPortraitUpsideDown UIInterfaceOrientationLandscapeLeft UIInterfaceOrientationLandscapeRight";
				INFOPLIST_KEY_UISupportedInterfaceOrientations_iPhone = "UIInterfaceOrientationPortrait UIInterfaceOrientationLandscapeLeft UIInterfaceOrientationLandscapeRight";
				LD_RUNPATH_SEARCH_PATHS = (
					"$(inherited)",
					"@executable_path/Frameworks",
				);
				MARKETING_VERSION = 1.0;
				PRODUCT_BUNDLE_IDENTIFIER = com.utkukaangulsoy.CountryBook;
				PRODUCT_NAME = "$(TARGET_NAME)";
				SWIFT_EMIT_LOC_STRINGS = YES;
				SWIFT_VERSION = 5.0;
				TARGETED_DEVICE_FAMILY = "1,2";
			};
			name = Debug;
		};
		54E9B68728C0983A00C72E6B /* Release */ = {
			isa = XCBuildConfiguration;
			baseConfigurationReference = DE6935935DC27ADA6A6F143D /* Pods-CountryBook.release.xcconfig */;
			buildSettings = {
				ASSETCATALOG_COMPILER_APPICON_NAME = AppIcon;
				ASSETCATALOG_COMPILER_GLOBAL_ACCENT_COLOR_NAME = AccentColor;
				CODE_SIGN_STYLE = Automatic;
				CURRENT_PROJECT_VERSION = 1;
				DEVELOPMENT_TEAM = 43AL79RXM6;
				GENERATE_INFOPLIST_FILE = YES;
				INFOPLIST_FILE = CountryBook/Info.plist;
				INFOPLIST_KEY_UIApplicationSupportsIndirectInputEvents = YES;
				INFOPLIST_KEY_UILaunchStoryboardName = LaunchScreen;
				INFOPLIST_KEY_UIMainStoryboardFile = Main;
				INFOPLIST_KEY_UISupportedInterfaceOrientations_iPad = "UIInterfaceOrientationPortrait UIInterfaceOrientationPortraitUpsideDown UIInterfaceOrientationLandscapeLeft UIInterfaceOrientationLandscapeRight";
				INFOPLIST_KEY_UISupportedInterfaceOrientations_iPhone = "UIInterfaceOrientationPortrait UIInterfaceOrientationLandscapeLeft UIInterfaceOrientationLandscapeRight";
				LD_RUNPATH_SEARCH_PATHS = (
					"$(inherited)",
					"@executable_path/Frameworks",
				);
				MARKETING_VERSION = 1.0;
				PRODUCT_BUNDLE_IDENTIFIER = com.utkukaangulsoy.CountryBook;
				PRODUCT_NAME = "$(TARGET_NAME)";
				SWIFT_EMIT_LOC_STRINGS = YES;
				SWIFT_VERSION = 5.0;
				TARGETED_DEVICE_FAMILY = "1,2";
			};
			name = Release;
		};
/* End XCBuildConfiguration section */

/* Begin XCConfigurationList section */
		54E9B66928C0983700C72E6B /* Build configuration list for PBXProject "CountryBook" */ = {
			isa = XCConfigurationList;
			buildConfigurations = (
				54E9B68328C0983A00C72E6B /* Debug */,
				54E9B68428C0983A00C72E6B /* Release */,
			);
			defaultConfigurationIsVisible = 0;
			defaultConfigurationName = Release;
		};
		54E9B68528C0983A00C72E6B /* Build configuration list for PBXNativeTarget "CountryBook" */ = {
			isa = XCConfigurationList;
			buildConfigurations = (
				54E9B68628C0983A00C72E6B /* Debug */,
				54E9B68728C0983A00C72E6B /* Release */,
			);
			defaultConfigurationIsVisible = 0;
			defaultConfigurationName = Release;
		};
/* End XCConfigurationList section */

/* Begin XCVersionGroup section */
		54E9B67A28C0983700C72E6B /* CountryBook.xcdatamodeld */ = {
			isa = XCVersionGroup;
			children = (
				54E9B67B28C0983700C72E6B /* CountryBook.xcdatamodel */,
			);
			currentVersion = 54E9B67B28C0983700C72E6B /* CountryBook.xcdatamodel */;
			path = CountryBook.xcdatamodeld;
			sourceTree = "<group>";
			versionGroupType = wrapper.xcdatamodel;
		};
/* End XCVersionGroup section */
	};
	rootObject = 54E9B66628C0983700C72E6B /* Project object */;
}
